
Microsoft Visual Studio Solution File, Format Version 12.00
# Visual Studio Version 16
VisualStudioVersion = 16.0.30626.31
MinimumVisualStudioVersion = 10.0.40219.1
Project("{9A19103F-16F7-4668-BE54-9A1E7A4F7556}") = "LatinoNETOnline.App.Client", "LatinoNETOnline.App.Client.csproj", "{8E7436B1-5BB1-4753-8E58-49D95841BC77}"
EndProject
Global
	GlobalSection(SolutionConfigurationPlatforms) = preSolution
		Debug|Any CPU = Debug|Any CPU
		Release|Any CPU = Release|Any CPU
	EndGlobalSection
	GlobalSection(ProjectConfigurationPlatforms) = postSolution
		{8E7436B1-5BB1-4753-8E58-49D95841BC77}.Debug|Any CPU.ActiveCfg = Debug|Any CPU
		{8E7436B1-5BB1-4753-8E58-49D95841BC77}.Debug|Any CPU.Build.0 = Debug|Any CPU
		{8E7436B1-5BB1-4753-8E58-49D95841BC77}.Release|Any CPU.ActiveCfg = Release|Any CPU
		{8E7436B1-5BB1-4753-8E58-49D95841BC77}.Release|Any CPU.Build.0 = Release|Any CPU
	EndGlobalSection
	GlobalSection(SolutionProperties) = preSolution
		HideSolutionNode = FALSE
	EndGlobalSection
	GlobalSection(ExtensibilityGlobals) = postSolution
		SolutionGuid = {25CBA703-AEE8-4D60-B2CA-78A669F94A88}
	EndGlobalSection
EndGlobal
